{
    "name": "bar",
    "lockfileVersion": 2,
    "requires": true,
    "packages": {
        "": {
            "dependencies": {
                "heureka": "file:../../packages/heureka",
                "jolo": "file:../../packages/jolo"
            }
        },
        "../../packages/heureka": {},
        "../../packages/jolo": {},
        "node_modules/heureka": {
            "resolved": "../../packages/heureka",
            "link": true
        },
        "node_modules/jolo": {
            "resolved": "../../packages/jolo",
            "link": true
        }
    },
    "dependencies": {
        "heureka": {
            "version": "file:../../packages/heureka"
        },
        "jolo": {
            "version": "file:../../packages/jolo"
        }
    }
}
